{
  "version": 4,
  "terraform_version": "1.5.7",
  "serial": 47,
  "lineage": "df7fa2b9-04f9-3020-3224-46c6094ca037",
  "outputs": {},
  "resources": [
    {
      "module": "module.ec2_instance",
      "mode": "managed",
      "type": "aws_instance",
      "name": "app_server",
      "provider": "provider[\"registry.terraform.io/hashicorp/aws\"]",
      "instances": [
        {
          "schema_version": 1,
          "attributes": {
            "ami": "ami-053b0d53c279acc90",
            "arn": "arn:aws:ec2:us-east-1:982673117069:instance/i-07b97ba18c94cdd0c",
            "associate_public_ip_address": true,
            "availability_zone": "us-east-1f",
            "capacity_reservation_specification": [
              {
                "capacity_reservation_preference": "open",
                "capacity_reservation_target": []
              }
            ],
            "cpu_core_count": 1,
            "cpu_options": [
              {
                "amd_sev_snp": "",
                "core_count": 1,
                "threads_per_core": 2
              }
            ],
            "cpu_threads_per_core": 2,
            "credit_specification": [
              {
                "cpu_credits": "unlimited"
              }
            ],
            "disable_api_stop": false,
            "disable_api_termination": false,
            "ebs_block_device": [],
            "ebs_optimized": false,
            "enclave_options": [
              {
                "enabled": false
              }
            ],
            "ephemeral_block_device": [],
            "get_password_data": false,
            "hibernation": false,
            "host_id": "",
            "host_resource_group_arn": null,
            "iam_instance_profile": "",
            "id": "i-07b97ba18c94cdd0c",
            "instance_initiated_shutdown_behavior": "stop",
            "instance_state": "running",
            "instance_type": "t3a.small",
            "ipv6_address_count": 0,
            "ipv6_addresses": [],
            "key_name": "ssh_key",
            "launch_template": [],
            "maintenance_options": [
              {
                "auto_recovery": "default"
              }
            ],
            "metadata_options": [
              {
                "http_endpoint": "enabled",
                "http_put_response_hop_limit": 1,
                "http_tokens": "optional",
                "instance_metadata_tags": "disabled"
              }
            ],
            "monitoring": false,
            "network_interface": [],
            "outpost_arn": "",
            "password_data": "",
            "placement_group": "",
            "placement_partition_number": 0,
            "primary_network_interface_id": "eni-0f890eed22ce2e647",
            "private_dns": "ip-172-31-76-243.ec2.internal",
            "private_dns_name_options": [
              {
                "enable_resource_name_dns_a_record": false,
                "enable_resource_name_dns_aaaa_record": false,
                "hostname_type": "ip-name"
              }
            ],
            "private_ip": "172.31.76.243",
            "public_dns": "ec2-18-206-177-93.compute-1.amazonaws.com",
            "public_ip": "18.206.177.93",
            "root_block_device": [
              {
                "delete_on_termination": true,
                "device_name": "/dev/sda1",
                "encrypted": false,
                "iops": 100,
                "kms_key_id": "",
                "tags": {},
                "throughput": 0,
                "volume_id": "vol-052a7d82c4ce7eb96",
                "volume_size": 8,
                "volume_type": "gp2"
              }
            ],
            "secondary_private_ips": [],
            "security_groups": [
              "default"
            ],
            "source_dest_check": true,
            "subnet_id": "subnet-0a204a991be6c7a34",
            "tags": {
              "Name": "ExampleAppServerInstance"
            },
            "tags_all": {
              "Name": "ExampleAppServerInstance"
            },
            "tenancy": "default",
            "timeouts": null,
            "user_data": null,
            "user_data_base64": null,
            "user_data_replace_on_change": false,
            "volume_tags": null,
            "vpc_security_group_ids": [
              "sg-0ea2c3df890221783"
            ]
          },
          "sensitive_attributes": [],
          "private": "eyJlMmJmYjczMC1lY2FhLTExZTYtOGY4OC0zNDM2M2JjN2M0YzAiOnsiY3JlYXRlIjo2MDAwMDAwMDAwMDAsImRlbGV0ZSI6MTIwMDAwMDAwMDAwMCwidXBkYXRlIjo2MDAwMDAwMDAwMDB9LCJzY2hlbWFfdmVyc2lvbiI6IjEifQ==",
          "dependencies": [
            "module.ec2_instance.aws_key_pair.ssh_key"
          ]
        }
      ]
    },
    {
      "module": "module.ec2_instance",
      "mode": "managed",
      "type": "aws_key_pair",
      "name": "ssh_key",
      "provider": "provider[\"registry.terraform.io/hashicorp/aws\"]",
      "instances": [
        {
          "schema_version": 1,
          "attributes": {
            "arn": "arn:aws:ec2:us-east-1:982673117069:key-pair/ssh_key",
            "fingerprint": "80:a0:95:7d:61:04:f3:4e:e7:9d:0e:04:ea:21:23:e0",
            "id": "ssh_key",
            "key_name": "ssh_key",
            "key_name_prefix": "",
            "key_pair_id": "key-01b396c41cddbba6d",
            "key_type": "rsa",
            "public_key": "ssh-rsa AAAAB3NzaC1yc2EAAAADAQABAAACAQDZKAMlMjN6CzrrzLhNv2mKxjgFU83KKyvfjCiD4k5Tn6I8JCdusXfhIR21oP6/WDIvf2VO+M/HvWQWQQf3AHE8d3fbQt+fRbpqNO0nDiRLRb3w8CPMBjjhGlkH/xjsCcyc6FkspNpxcNXkRUQ7RYeU8FYh+nJwtnFOO8z/H0Uyq5/q8qEELcIMfPY34uqichChBKb1bauDIg0LNh5Ry3lqf6xsg/KBB95OFtykJUezHqEf7EOO/r3aBYR4H/plqRNBquSIgo9Fwe1snwWqqVvvhxhUkZBAft1s1gKysCVDxfcaRHUwjNNY4c23yOPU4Xk1QqsBapHgC+iFZeieD0WT0ogk8jYgyEW7qycTgzibMhDILAgi3R3pXkcBvil0ICkw0RE+zXLpHgf7d4V3jdwIGncCTXMjIKXeD3R0R10anOzZuOHC4lgOgczYuTcZnGn7Krk6SLQbv5pVUcWnugZTHinTno6iEep47BVhOm4eXmET0+MiSO/EtFqkLDJO1RSxDhXK11lW+WEZxmIXz6eRq9lTaC0ly4MRIRqfvc6m+PmgYduzREKLMo1pzPKynTae7hb4Bd6p03lDyn7INSqliB8kjaTe7bLNFXqC6qOhcKj/CarTq8M8RWUOxjAD1K0smk5bvwAx7ka8Bsppq9BYKqVRoLDquLzQ4EmmodfzTQ== nousfera@limoneros",
            "tags": null,
            "tags_all": {}
          },
          "sensitive_attributes": [],
          "private": "eyJzY2hlbWFfdmVyc2lvbiI6IjEifQ=="
        }
      ]
    }
  ],
  "check_results": null
}
